
Microsoft Visual Studio Solution File, Format Version 12.00
# Visual Studio 15
VisualStudioVersion = 15.0.26430.6
MinimumVisualStudioVersion = 10.0.40219.1
Project("{FAE04EC0-301F-11D3-BF4B-00C04F79EFBC}") = "RepairCenter", "RepairCenter\RepairCenter.csproj", "{DA70C8C8-7B97-4D30-91F0-F1F9E32F7B73}"
EndProject
Global
	GlobalSection(SolutionConfigurationPlatforms) = preSolution
		Debug|Any CPU = Debug|Any CPU
		Release|Any CPU = Release|Any CPU
	EndGlobalSection
	GlobalSection(ProjectConfigurationPlatforms) = postSolution
		{DA70C8C8-7B97-4D30-91F0-F1F9E32F7B73}.Debug|Any CPU.ActiveCfg = Debug|Any CPU
		{DA70C8C8-7B97-4D30-91F0-F1F9E32F7B73}.Debug|Any CPU.Build.0 = Debug|Any CPU
		{DA70C8C8-7B97-4D30-91F0-F1F9E32F7B73}.Release|Any CPU.ActiveCfg = Release|Any CPU
		{DA70C8C8-7B97-4D30-91F0-F1F9E32F7B73}.Release|Any CPU.Build.0 = Release|Any CPU
	EndGlobalSection
	GlobalSection(SolutionProperties) = preSolution
		HideSolutionNode = FALSE
	EndGlobalSection
EndGlobal
